// !$*UTF8*$!
{
	archiveVersion = 1;
	classes = {
	};
	objectVersion = 46;
	objects = {

/* Begin PBXAggregateTarget section */
		"TestSpy::TestSpyPackageTests::ProductTarget" /* TestSpyPackageTests */ = {
			isa = PBXAggregateTarget;
			buildConfigurationList = OBJ_258 /* Build configuration list for PBXAggregateTarget "TestSpyPackageTests" */;
			buildPhases = (
			);
			dependencies = (
				OBJ_261 /* PBXTargetDependency */,
			);
			name = TestSpyPackageTests;
			productName = TestSpyPackageTests;
		};
/* End PBXAggregateTarget section */

/* Begin PBXBuildFile section */
		9DDFD75E217096810003D726 /* Nimble.framework in Frameworks */ = {isa = PBXBuildFile; fileRef = 9DDFD75D217096810003D726 /* Nimble.framework */; };
		9DDFD760217096900003D726 /* Quick.framework in Frameworks */ = {isa = PBXBuildFile; fileRef = 9DDFD75F217096900003D726 /* Quick.framework */; };
		9DDFD76721709A040003D726 /* Nimble.framework in Frameworks */ = {isa = PBXBuildFile; fileRef = 9DDFD75D217096810003D726 /* Nimble.framework */; };
		OBJ_243 /* TestSpy+Matchers.swift in Sources */ = {isa = PBXBuildFile; fileRef = OBJ_10 /* TestSpy+Matchers.swift */; };
		OBJ_244 /* CallstackContainer.swift in Sources */ = {isa = PBXBuildFile; fileRef = OBJ_12 /* CallstackContainer.swift */; };
		OBJ_245 /* CallstackMatcher.swift in Sources */ = {isa = PBXBuildFile; fileRef = OBJ_14 /* CallstackMatcher.swift */; };
		OBJ_246 /* CallstackPredicate.swift in Sources */ = {isa = PBXBuildFile; fileRef = OBJ_15 /* CallstackPredicate.swift */; };
		OBJ_247 /* TestSpy.swift in Sources */ = {isa = PBXBuildFile; fileRef = OBJ_16 /* TestSpy.swift */; };
		OBJ_256 /* Package.swift in Sources */ = {isa = PBXBuildFile; fileRef = OBJ_6 /* Package.swift */; };
		OBJ_267 /* CallStackContainerSpec.swift in Sources */ = {isa = PBXBuildFile; fileRef = OBJ_19 /* CallStackContainerSpec.swift */; };
		OBJ_268 /* CallstackMatcherSpec.swift in Sources */ = {isa = PBXBuildFile; fileRef = OBJ_20 /* CallstackMatcherSpec.swift */; };
		OBJ_269 /* CallstackMatchers+NimbleSpec.swift in Sources */ = {isa = PBXBuildFile; fileRef = OBJ_21 /* CallstackMatchers+NimbleSpec.swift */; };
		OBJ_270 /* FakeCallstackPredicate.swift in Sources */ = {isa = PBXBuildFile; fileRef = OBJ_23 /* FakeCallstackPredicate.swift */; };
		OBJ_271 /* TestMethod.swift in Sources */ = {isa = PBXBuildFile; fileRef = OBJ_24 /* TestMethod.swift */; };
		OBJ_272 /* TestSpyObject.swift in Sources */ = {isa = PBXBuildFile; fileRef = OBJ_25 /* TestSpyObject.swift */; };
		OBJ_273 /* TestSpy+MatchersSpec.swift in Sources */ = {isa = PBXBuildFile; fileRef = OBJ_26 /* TestSpy+MatchersSpec.swift */; };
		OBJ_274 /* TestSpySpec.swift in Sources */ = {isa = PBXBuildFile; fileRef = OBJ_27 /* TestSpySpec.swift */; };
		OBJ_275 /* XCTestManifests.swift in Sources */ = {isa = PBXBuildFile; fileRef = OBJ_28 /* XCTestManifests.swift */; };
		OBJ_279 /* TestSpy.framework in Frameworks */ = {isa = PBXBuildFile; fileRef = "TestSpy::TestSpy::Product" /* TestSpy.framework */; };
/* End PBXBuildFile section */

/* Begin PBXContainerItemProxy section */
		9DDFD759216FA9160003D726 /* PBXContainerItemProxy */ = {
			isa = PBXContainerItemProxy;
			containerPortal = OBJ_1 /* Project object */;
			proxyType = 1;
			remoteGlobalIDString = "TestSpy::TestSpy";
			remoteInfo = TestSpy;
		};
		9DDFD75B216FA9160003D726 /* PBXContainerItemProxy */ = {
			isa = PBXContainerItemProxy;
			containerPortal = OBJ_1 /* Project object */;
			proxyType = 1;
			remoteGlobalIDString = "TestSpy::TestSpyTests";
			remoteInfo = TestSpyTests;
		};
/* End PBXContainerItemProxy section */

/* Begin PBXFileReference section */
		9DDFD75D217096810003D726 /* Nimble.framework */ = {isa = PBXFileReference; lastKnownFileType = wrapper.framework; name = Nimble.framework; path = Carthage/Build/iOS/Nimble.framework; sourceTree = "<group>"; };
		9DDFD75F217096900003D726 /* Quick.framework */ = {isa = PBXFileReference; lastKnownFileType = wrapper.framework; name = Quick.framework; path = Carthage/Build/iOS/Quick.framework; sourceTree = "<group>"; };
		9DDFD761217096B60003D726 /* Info.plist */ = {isa = PBXFileReference; lastKnownFileType = text.plist.xml; path = Info.plist; sourceTree = "<group>"; };
		9DDFD7652170996A0003D726 /* XCTest.framework */ = {isa = PBXFileReference; lastKnownFileType = wrapper.framework; name = XCTest.framework; path = Platforms/MacOSX.platform/Developer/Library/Frameworks/XCTest.framework; sourceTree = DEVELOPER_DIR; };
		OBJ_10 /* TestSpy+Matchers.swift */ = {isa = PBXFileReference; lastKnownFileType = sourcecode.swift; path = "TestSpy+Matchers.swift"; sourceTree = "<group>"; };
		OBJ_12 /* CallstackContainer.swift */ = {isa = PBXFileReference; lastKnownFileType = sourcecode.swift; path = CallstackContainer.swift; sourceTree = "<group>"; };
		OBJ_14 /* CallstackMatcher.swift */ = {isa = PBXFileReference; lastKnownFileType = sourcecode.swift; path = CallstackMatcher.swift; sourceTree = "<group>"; };
		OBJ_15 /* CallstackPredicate.swift */ = {isa = PBXFileReference; lastKnownFileType = sourcecode.swift; path = CallstackPredicate.swift; sourceTree = "<group>"; };
		OBJ_16 /* TestSpy.swift */ = {isa = PBXFileReference; lastKnownFileType = sourcecode.swift; path = TestSpy.swift; sourceTree = "<group>"; };
		OBJ_19 /* CallStackContainerSpec.swift */ = {isa = PBXFileReference; lastKnownFileType = sourcecode.swift; path = CallStackContainerSpec.swift; sourceTree = "<group>"; };
		OBJ_20 /* CallstackMatcherSpec.swift */ = {isa = PBXFileReference; lastKnownFileType = sourcecode.swift; path = CallstackMatcherSpec.swift; sourceTree = "<group>"; };
		OBJ_21 /* CallstackMatchers+NimbleSpec.swift */ = {isa = PBXFileReference; lastKnownFileType = sourcecode.swift; path = "CallstackMatchers+NimbleSpec.swift"; sourceTree = "<group>"; };
		OBJ_23 /* FakeCallstackPredicate.swift */ = {isa = PBXFileReference; lastKnownFileType = sourcecode.swift; path = FakeCallstackPredicate.swift; sourceTree = "<group>"; };
		OBJ_24 /* TestMethod.swift */ = {isa = PBXFileReference; lastKnownFileType = sourcecode.swift; path = TestMethod.swift; sourceTree = "<group>"; };
		OBJ_25 /* TestSpyObject.swift */ = {isa = PBXFileReference; lastKnownFileType = sourcecode.swift; path = TestSpyObject.swift; sourceTree = "<group>"; };
		OBJ_26 /* TestSpy+MatchersSpec.swift */ = {isa = PBXFileReference; lastKnownFileType = sourcecode.swift; path = "TestSpy+MatchersSpec.swift"; sourceTree = "<group>"; };
		OBJ_27 /* TestSpySpec.swift */ = {isa = PBXFileReference; lastKnownFileType = sourcecode.swift; path = TestSpySpec.swift; sourceTree = "<group>"; };
		OBJ_28 /* XCTestManifests.swift */ = {isa = PBXFileReference; lastKnownFileType = sourcecode.swift; path = XCTestManifests.swift; sourceTree = "<group>"; };
		OBJ_29 /* SourceryExample */ = {isa = PBXFileReference; lastKnownFileType = folder; path = SourceryExample; sourceTree = SOURCE_ROOT; };
		OBJ_30 /* Carthage */ = {isa = PBXFileReference; lastKnownFileType = folder; path = Carthage; sourceTree = SOURCE_ROOT; };
		OBJ_6 /* Package.swift */ = {isa = PBXFileReference; explicitFileType = sourcecode.swift; path = Package.swift; sourceTree = "<group>"; };
		"TestSpy::TestSpy::Product" /* TestSpy.framework */ = {isa = PBXFileReference; explicitFileType = wrapper.framework; path = TestSpy.framework; sourceTree = BUILT_PRODUCTS_DIR; };
		"TestSpy::TestSpyTests::Product" /* TestSpyTests.xctest */ = {isa = PBXFileReference; explicitFileType = wrapper.cfbundle; path = TestSpyTests.xctest; sourceTree = BUILT_PRODUCTS_DIR; };
/* End PBXFileReference section */

/* Begin PBXFrameworksBuildPhase section */
		OBJ_248 /* Frameworks */ = {
			isa = PBXFrameworksBuildPhase;
			buildActionMask = 0;
			files = (
				9DDFD75E217096810003D726 /* Nimble.framework in Frameworks */,
			);
			runOnlyForDeploymentPostprocessing = 0;
		};
		OBJ_276 /* Frameworks */ = {
			isa = PBXFrameworksBuildPhase;
			buildActionMask = 0;
			files = (
				9DDFD76721709A040003D726 /* Nimble.framework in Frameworks */,
				9DDFD760217096900003D726 /* Quick.framework in Frameworks */,
				OBJ_279 /* TestSpy.framework in Frameworks */,
			);
			runOnlyForDeploymentPostprocessing = 0;
		};
/* End PBXFrameworksBuildPhase section */

/* Begin PBXGroup section */
		9DDFD75C217096800003D726 /* Frameworks */ = {
			isa = PBXGroup;
			children = (
				9DDFD7652170996A0003D726 /* XCTest.framework */,
				9DDFD75F217096900003D726 /* Quick.framework */,
				9DDFD75D217096810003D726 /* Nimble.framework */,
			);
			name = Frameworks;
			sourceTree = "<group>";
		};
		OBJ_11 /* TestSpy */ = {
			isa = PBXGroup;
			children = (
				OBJ_12 /* CallstackContainer.swift */,
				OBJ_13 /* Predicates */,
				OBJ_16 /* TestSpy.swift */,
			);
			path = TestSpy;
			sourceTree = "<group>";
		};
		OBJ_123 /* Products */ = {
			isa = PBXGroup;
			children = (
				"TestSpy::TestSpy::Product" /* TestSpy.framework */,
				"TestSpy::TestSpyTests::Product" /* TestSpyTests.xctest */,
			);
			name = Products;
			sourceTree = BUILT_PRODUCTS_DIR;
		};
		OBJ_13 /* Predicates */ = {
			isa = PBXGroup;
			children = (
				OBJ_14 /* CallstackMatcher.swift */,
				OBJ_15 /* CallstackPredicate.swift */,
			);
			path = Predicates;
			sourceTree = "<group>";
		};
		OBJ_17 /* Tests */ = {
			isa = PBXGroup;
			children = (
				OBJ_18 /* TestSpyTests */,
			);
			name = Tests;
			sourceTree = SOURCE_ROOT;
		};
		OBJ_18 /* TestSpyTests */ = {
			isa = PBXGroup;
			children = (
				OBJ_19 /* CallStackContainerSpec.swift */,
				OBJ_20 /* CallstackMatcherSpec.swift */,
				OBJ_21 /* CallstackMatchers+NimbleSpec.swift */,
				OBJ_22 /* Test Classes */,
				OBJ_26 /* TestSpy+MatchersSpec.swift */,
				OBJ_27 /* TestSpySpec.swift */,
				OBJ_28 /* XCTestManifests.swift */,
			);
			name = TestSpyTests;
			path = Tests/TestSpyTests;
			sourceTree = SOURCE_ROOT;
		};
		OBJ_22 /* Test Classes */ = {
			isa = PBXGroup;
			children = (
				OBJ_23 /* FakeCallstackPredicate.swift */,
				OBJ_24 /* TestMethod.swift */,
				OBJ_25 /* TestSpyObject.swift */,
			);
			path = "Test Classes";
			sourceTree = "<group>";
		};
		OBJ_5 /*  */ = {
			isa = PBXGroup;
			children = (
				OBJ_6 /* Package.swift */,
				OBJ_7 /* Sources */,
				OBJ_17 /* Tests */,
				OBJ_29 /* SourceryExample */,
				OBJ_30 /* Carthage */,
				OBJ_123 /* Products */,
				9DDFD75C217096800003D726 /* Frameworks */,
			);
			name = "";
			sourceTree = "<group>";
		};
		OBJ_7 /* Sources */ = {
			isa = PBXGroup;
			children = (
				OBJ_8 /* TestSpy */,
			);
			name = Sources;
			sourceTree = SOURCE_ROOT;
		};
		OBJ_8 /* TestSpy */ = {
			isa = PBXGroup;
			children = (
				9DDFD761217096B60003D726 /* Info.plist */,
				OBJ_9 /* Nimble Matchers */,
				OBJ_11 /* TestSpy */,
			);
			name = TestSpy;
			path = Sources/TestSpy;
			sourceTree = SOURCE_ROOT;
		};
		OBJ_9 /* Nimble Matchers */ = {
			isa = PBXGroup;
			children = (
				OBJ_10 /* TestSpy+Matchers.swift */,
			);
			path = "Nimble Matchers";
			sourceTree = "<group>";
		};
/* End PBXGroup section */

/* Begin PBXNativeTarget section */
		"TestSpy::SwiftPMPackageDescription" /* TestSpyPackageDescription */ = {
			isa = PBXNativeTarget;
			buildConfigurationList = OBJ_252 /* Build configuration list for PBXNativeTarget "TestSpyPackageDescription" */;
			buildPhases = (
				OBJ_255 /* Sources */,
			);
			buildRules = (
			);
			dependencies = (
			);
			name = TestSpyPackageDescription;
			productName = TestSpyPackageDescription;
			productType = "com.apple.product-type.framework";
		};
		"TestSpy::TestSpy" /* TestSpy */ = {
			isa = PBXNativeTarget;
			buildConfigurationList = OBJ_239 /* Build configuration list for PBXNativeTarget "TestSpy" */;
			buildPhases = (
				OBJ_242 /* Sources */,
				OBJ_248 /* Frameworks */,
				9DDFD763217097D40003D726 /* Copy Frameworks */,
			);
			buildRules = (
			);
			dependencies = (
			);
			name = TestSpy;
			productName = TestSpy;
			productReference = "TestSpy::TestSpy::Product" /* TestSpy.framework */;
			productType = "com.apple.product-type.framework";
		};
		"TestSpy::TestSpyTests" /* TestSpyTests */ = {
			isa = PBXNativeTarget;
			buildConfigurationList = OBJ_263 /* Build configuration list for PBXNativeTarget "TestSpyTests" */;
			buildPhases = (
				OBJ_266 /* Sources */,
				OBJ_276 /* Frameworks */,
				9DDFD76821709A340003D726 /* ShellScript */,
			);
			buildRules = (
			);
			dependencies = (
				OBJ_283 /* PBXTargetDependency */,
			);
			name = TestSpyTests;
			productName = TestSpyTests;
			productReference = "TestSpy::TestSpyTests::Product" /* TestSpyTests.xctest */;
			productType = "com.apple.product-type.bundle.unit-test";
		};
/* End PBXNativeTarget section */

/* Begin PBXProject section */
		OBJ_1 /* Project object */ = {
			isa = PBXProject;
			attributes = {
				LastUpgradeCheck = 9999;
			};
			buildConfigurationList = OBJ_2 /* Build configuration list for PBXProject "TestSpy" */;
			compatibilityVersion = "Xcode 3.2";
			developmentRegion = English;
			hasScannedForEncodings = 0;
			knownRegions = (
				en,
			);
			mainGroup = OBJ_5 /*  */;
			productRefGroup = OBJ_123 /* Products */;
			projectDirPath = "";
			projectRoot = "";
			targets = (
				"TestSpy::TestSpy" /* TestSpy */,
				"TestSpy::SwiftPMPackageDescription" /* TestSpyPackageDescription */,
				"TestSpy::TestSpyPackageTests::ProductTarget" /* TestSpyPackageTests */,
				"TestSpy::TestSpyTests" /* TestSpyTests */,
			);
		};
/* End PBXProject section */

/* Begin PBXShellScriptBuildPhase section */
		9DDFD763217097D40003D726 /* Copy Frameworks */ = {
			isa = PBXShellScriptBuildPhase;
			buildActionMask = 2147483647;
			files = (
			);
			inputFileListPaths = (
			);
			inputPaths = (
				"$(SRCROOT)/Carthage/Build/iOS/Nimble.framework",
			);
			name = "Copy Frameworks";
			outputFileListPaths = (
			);
			outputPaths = (
			);
			runOnlyForDeploymentPostprocessing = 0;
			shellPath = /bin/sh;
			shellScript = "/usr/local/bin/carthage copy-frameworks\n";
		};
		9DDFD76821709A340003D726 /* ShellScript */ = {
			isa = PBXShellScriptBuildPhase;
			buildActionMask = 2147483647;
			files = (
			);
			inputFileListPaths = (
			);
			inputPaths = (
				"$(SRCROOT)/Carthage/Build/iOS/Nimble.framework",
				"$(SRCROOT)/Carthage/Build/iOS/Quick.framework",
			);
			outputFileListPaths = (
			);
			outputPaths = (
			);
			runOnlyForDeploymentPostprocessing = 0;
			shellPath = /bin/sh;
			shellScript = "# Type a script or drag a script file from your workspace to insert its path.\n/usr/local/bin/carthage copy-frameworks\n";
		};
/* End PBXShellScriptBuildPhase section */

/* Begin PBXSourcesBuildPhase section */
		OBJ_242 /* Sources */ = {
			isa = PBXSourcesBuildPhase;
			buildActionMask = 0;
			files = (
				OBJ_243 /* TestSpy+Matchers.swift in Sources */,
				OBJ_244 /* CallstackContainer.swift in Sources */,
				OBJ_245 /* CallstackMatcher.swift in Sources */,
				OBJ_246 /* CallstackPredicate.swift in Sources */,
				OBJ_247 /* TestSpy.swift in Sources */,
			);
			runOnlyForDeploymentPostprocessing = 0;
		};
		OBJ_255 /* Sources */ = {
			isa = PBXSourcesBuildPhase;
			buildActionMask = 0;
			files = (
				OBJ_256 /* Package.swift in Sources */,
			);
			runOnlyForDeploymentPostprocessing = 0;
		};
		OBJ_266 /* Sources */ = {
			isa = PBXSourcesBuildPhase;
			buildActionMask = 0;
			files = (
				OBJ_267 /* CallStackContainerSpec.swift in Sources */,
				OBJ_268 /* CallstackMatcherSpec.swift in Sources */,
				OBJ_269 /* CallstackMatchers+NimbleSpec.swift in Sources */,
				OBJ_270 /* FakeCallstackPredicate.swift in Sources */,
				OBJ_271 /* TestMethod.swift in Sources */,
				OBJ_272 /* TestSpyObject.swift in Sources */,
				OBJ_273 /* TestSpy+MatchersSpec.swift in Sources */,
				OBJ_274 /* TestSpySpec.swift in Sources */,
				OBJ_275 /* XCTestManifests.swift in Sources */,
			);
			runOnlyForDeploymentPostprocessing = 0;
		};
/* End PBXSourcesBuildPhase section */

/* Begin PBXTargetDependency section */
		OBJ_261 /* PBXTargetDependency */ = {
			isa = PBXTargetDependency;
			target = "TestSpy::TestSpyTests" /* TestSpyTests */;
			targetProxy = 9DDFD75B216FA9160003D726 /* PBXContainerItemProxy */;
		};
		OBJ_283 /* PBXTargetDependency */ = {
			isa = PBXTargetDependency;
			target = "TestSpy::TestSpy" /* TestSpy */;
			targetProxy = 9DDFD759216FA9160003D726 /* PBXContainerItemProxy */;
		};
/* End PBXTargetDependency section */

/* Begin XCBuildConfiguration section */
		OBJ_240 /* Debug */ = {
			isa = XCBuildConfiguration;
			buildSettings = {
				ENABLE_TESTABILITY = YES;
				FRAMEWORK_SEARCH_PATHS = (
					"$(inherited)",
					"$(PROJECT_DIR)",
					"$(PROJECT_DIR)/Carthage/Build/iOS",
				);
				HEADER_SEARCH_PATHS = "$(inherited)";
				INFOPLIST_FILE = Sources/TestSpy/Info.plist;
				LD_RUNPATH_SEARCH_PATHS = "$(inherited) @executable_path/Frameworks @loader_path/Frameworks";
				OTHER_CFLAGS = "$(inherited)";
				OTHER_LDFLAGS = "$(inherited)";
				OTHER_SWIFT_FLAGS = "$(inherited)";
				PRODUCT_BUNDLE_IDENTIFIER = TestSpy;
				PRODUCT_MODULE_NAME = "$(TARGET_NAME:c99extidentifier)";
				PRODUCT_NAME = "$(TARGET_NAME:c99extidentifier)";
				SKIP_INSTALL = YES;
				SWIFT_ACTIVE_COMPILATION_CONDITIONS = "$(inherited)";
				SWIFT_VERSION = 4.0;
				TARGET_NAME = TestSpy;
			};
			name = Debug;
		};
		OBJ_241 /* Release */ = {
			isa = XCBuildConfiguration;
			buildSettings = {
				ENABLE_TESTABILITY = YES;
				FRAMEWORK_SEARCH_PATHS = (
					"$(inherited)",
					"$(PROJECT_DIR)",
					"$(PROJECT_DIR)/Carthage/Build/iOS",
				);
				HEADER_SEARCH_PATHS = "$(inherited)";
				INFOPLIST_FILE = Sources/TestSpy/Info.plist;
				LD_RUNPATH_SEARCH_PATHS = "$(inherited) @executable_path/Frameworks @loader_path/Frameworks";
				OTHER_CFLAGS = "$(inherited)";
				OTHER_LDFLAGS = "$(inherited)";
				OTHER_SWIFT_FLAGS = "$(inherited)";
				PRODUCT_BUNDLE_IDENTIFIER = TestSpy;
				PRODUCT_MODULE_NAME = "$(TARGET_NAME:c99extidentifier)";
				PRODUCT_NAME = "$(TARGET_NAME:c99extidentifier)";
				SKIP_INSTALL = YES;
				SWIFT_ACTIVE_COMPILATION_CONDITIONS = "$(inherited)";
				SWIFT_VERSION = 4.0;
				TARGET_NAME = TestSpy;
			};
			name = Release;
		};
		OBJ_253 /* Debug */ = {
			isa = XCBuildConfiguration;
			buildSettings = {
				LD = /usr/bin/true;
				OTHER_SWIFT_FLAGS = "-swift-version 4 -I $(TOOLCHAIN_DIR)/usr/lib/swift/pm/4 -target x86_64-apple-macosx10.10 -sdk /Applications/Xcode.app/Contents/Developer/Platforms/MacOSX.platform/Developer/SDKs/MacOSX10.14.sdk";
				SWIFT_VERSION = 4.0;
			};
			name = Debug;
		};
		OBJ_254 /* Release */ = {
			isa = XCBuildConfiguration;
			buildSettings = {
				LD = /usr/bin/true;
				OTHER_SWIFT_FLAGS = "-swift-version 4 -I $(TOOLCHAIN_DIR)/usr/lib/swift/pm/4 -target x86_64-apple-macosx10.10 -sdk /Applications/Xcode.app/Contents/Developer/Platforms/MacOSX.platform/Developer/SDKs/MacOSX10.14.sdk";
				SWIFT_VERSION = 4.0;
			};
			name = Release;
		};
		OBJ_259 /* Debug */ = {
			isa = XCBuildConfiguration;
			buildSettings = {
			};
			name = Debug;
		};
		OBJ_260 /* Release */ = {
			isa = XCBuildConfiguration;
			buildSettings = {
			};
			name = Release;
		};
		OBJ_264 /* Debug */ = {
			isa = XCBuildConfiguration;
			buildSettings = {
				CLANG_ENABLE_MODULES = YES;
				EMBEDDED_CONTENT_CONTAINS_SWIFT = YES;
				FRAMEWORK_SEARCH_PATHS = (
					"$(inherited)",
					"$(PLATFORM_DIR)/Developer/Library/Frameworks",
					"$(PROJECT_DIR)/Carthage/Build/iOS",
				);
				HEADER_SEARCH_PATHS = (
					"$(inherited)",
					"$(SRCROOT)/.build/checkouts/Quick--259595014163218928/Sources/QuickSpecBase/include",
				);
				INFOPLIST_FILE = TestSpy.xcodeproj/TestSpyTests_Info.plist;
				LD_RUNPATH_SEARCH_PATHS = "$(inherited) @loader_path/../Frameworks @loader_path/Frameworks";
				OTHER_CFLAGS = "$(inherited)";
				OTHER_LDFLAGS = "$(inherited)";
				OTHER_SWIFT_FLAGS = "$(inherited)";
				SWIFT_ACTIVE_COMPILATION_CONDITIONS = "$(inherited)";
				SWIFT_VERSION = 4.0;
				TARGET_NAME = TestSpyTests;
			};
			name = Debug;
		};
		OBJ_265 /* Release */ = {
			isa = XCBuildConfiguration;
			buildSettings = {
				CLANG_ENABLE_MODULES = YES;
				EMBEDDED_CONTENT_CONTAINS_SWIFT = YES;
				FRAMEWORK_SEARCH_PATHS = (
					"$(inherited)",
					"$(PLATFORM_DIR)/Developer/Library/Frameworks",
					"$(PROJECT_DIR)/Carthage/Build/iOS",
				);
				HEADER_SEARCH_PATHS = (
					"$(inherited)",
					"$(SRCROOT)/.build/checkouts/Quick--259595014163218928/Sources/QuickSpecBase/include",
				);
				INFOPLIST_FILE = TestSpy.xcodeproj/TestSpyTests_Info.plist;
				LD_RUNPATH_SEARCH_PATHS = "$(inherited) @loader_path/../Frameworks @loader_path/Frameworks";
				OTHER_CFLAGS = "$(inherited)";
				OTHER_LDFLAGS = "$(inherited)";
				OTHER_SWIFT_FLAGS = "$(inherited)";
				SWIFT_ACTIVE_COMPILATION_CONDITIONS = "$(inherited)";
				SWIFT_VERSION = 4.0;
				TARGET_NAME = TestSpyTests;
			};
			name = Release;
		};
		OBJ_3 /* Debug */ = {
			isa = XCBuildConfiguration;
			buildSettings = {
				CLANG_ENABLE_OBJC_ARC = YES;
				COMBINE_HIDPI_IMAGES = YES;
				COPY_PHASE_STRIP = NO;
				DEBUG_INFORMATION_FORMAT = dwarf;
				DYLIB_INSTALL_NAME_BASE = "@rpath";
				ENABLE_NS_ASSERTIONS = YES;
				GCC_OPTIMIZATION_LEVEL = 0;
				GCC_PREPROCESSOR_DEFINITIONS = (
					"DEBUG=1",
					"$(inherited)",
				);
				MACOSX_DEPLOYMENT_TARGET = 10.10;
				ONLY_ACTIVE_ARCH = YES;
				OTHER_SWIFT_FLAGS = "-DXcode";
				PRODUCT_NAME = "$(TARGET_NAME)";
				SDKROOT = macosx;
				SUPPORTED_PLATFORMS = "macosx iphoneos iphonesimulator appletvos appletvsimulator watchos watchsimulator";
				SWIFT_ACTIVE_COMPILATION_CONDITIONS = "SWIFT_PACKAGE DEBUG";
				SWIFT_OPTIMIZATION_LEVEL = "-Onone";
				USE_HEADERMAP = NO;
			};
			name = Debug;
		};
		OBJ_4 /* Release */ = {
			isa = XCBuildConfiguration;
			buildSettings = {
				CLANG_ENABLE_OBJC_ARC = YES;
				COMBINE_HIDPI_IMAGES = YES;
				COPY_PHASE_STRIP = YES;
				DEBUG_INFORMATION_FORMAT = "dwarf-with-dsym";
				DYLIB_INSTALL_NAME_BASE = "@rpath";
				GCC_OPTIMIZATION_LEVEL = s;
				MACOSX_DEPLOYMENT_TARGET = 10.10;
				OTHER_SWIFT_FLAGS = "-DXcode";
				PRODUCT_NAME = "$(TARGET_NAME)";
				SDKROOT = macosx;
				SUPPORTED_PLATFORMS = "macosx iphoneos iphonesimulator appletvos appletvsimulator watchos watchsimulator";
				SWIFT_ACTIVE_COMPILATION_CONDITIONS = SWIFT_PACKAGE;
				SWIFT_OPTIMIZATION_LEVEL = "-Owholemodule";
				USE_HEADERMAP = NO;
			};
			name = Release;
		};
/* End XCBuildConfiguration section */

/* Begin XCConfigurationList section */
		OBJ_2 /* Build configuration list for PBXProject "TestSpy" */ = {
			isa = XCConfigurationList;
			buildConfigurations = (
				OBJ_3 /* Debug */,
				OBJ_4 /* Release */,
			);
			defaultConfigurationIsVisible = 0;
			defaultConfigurationName = Release;
		};
		OBJ_239 /* Build configuration list for PBXNativeTarget "TestSpy" */ = {
			isa = XCConfigurationList;
			buildConfigurations = (
				OBJ_240 /* Debug */,
				OBJ_241 /* Release */,
			);
			defaultConfigurationIsVisible = 0;
			defaultConfigurationName = Release;
		};
		OBJ_252 /* Build configuration list for PBXNativeTarget "TestSpyPackageDescription" */ = {
			isa = XCConfigurationList;
			buildConfigurations = (
				OBJ_253 /* Debug */,
				OBJ_254 /* Release */,
			);
			defaultConfigurationIsVisible = 0;
			defaultConfigurationName = Release;
		};
		OBJ_258 /* Build configuration list for PBXAggregateTarget "TestSpyPackageTests" */ = {
			isa = XCConfigurationList;
			buildConfigurations = (
				OBJ_259 /* Debug */,
				OBJ_260 /* Release */,
			);
			defaultConfigurationIsVisible = 0;
			defaultConfigurationName = Release;
		};
		OBJ_263 /* Build configuration list for PBXNativeTarget "TestSpyTests" */ = {
			isa = XCConfigurationList;
			buildConfigurations = (
				OBJ_264 /* Debug */,
				OBJ_265 /* Release */,
			);
			defaultConfigurationIsVisible = 0;
			defaultConfigurationName = Release;
		};
/* End XCConfigurationList section */
	};
	rootObject = OBJ_1 /* Project object */;
}
